
Microsoft Visual Studio Solution File, Format Version 12.00
# Visual Studio Version 17
VisualStudioVersion = 17.6.33815.320
MinimumVisualStudioVersion = 10.0.40219.1
Project("{2150E333-8FDC-42A3-9474-1A3956D46DE8}") = "src", "src", "{5FDB81D3-964B-44E9-A684-24BFEEF45823}"
EndProject
Project("{2150E333-8FDC-42A3-9474-1A3956D46DE8}") = "tests", "tests", "{4A6A3BF2-7878-46DA-95A9-41C4BA2FDCBE}"
EndProject
Project("{9A19103F-16F7-4668-BE54-9A1E7A4F7556}") = "Rop.NET", "src\Rop.NET\Rop.NET.csproj", "{B6F1EFB8-5E76-4684-8822-C624AB5A30F6}"
EndProject
Project("{9A19103F-16F7-4668-BE54-9A1E7A4F7556}") = "Rop.NET.Tests", "tests\Rop.NET.Tests\Rop.NET.Tests.csproj", "{9C708382-272D-433C-AF3B-CCBEC5D5D891}"
EndProject
Project("{9A19103F-16F7-4668-BE54-9A1E7A4F7556}") = "Rop.NET.BaseTypes", "src\Rop.NET.BaseTypes\Rop.NET.BaseTypes.csproj", "{747EE7DC-2EA6-4302-8554-27F72815CA7A}"
EndProject
Global
	GlobalSection(SolutionConfigurationPlatforms) = preSolution
		Debug|Any CPU = Debug|Any CPU
		Release|Any CPU = Release|Any CPU
	EndGlobalSection
	GlobalSection(ProjectConfigurationPlatforms) = postSolution
		{B6F1EFB8-5E76-4684-8822-C624AB5A30F6}.Debug|Any CPU.ActiveCfg = Debug|Any CPU
		{B6F1EFB8-5E76-4684-8822-C624AB5A30F6}.Debug|Any CPU.Build.0 = Debug|Any CPU
		{B6F1EFB8-5E76-4684-8822-C624AB5A30F6}.Release|Any CPU.ActiveCfg = Release|Any CPU
		{B6F1EFB8-5E76-4684-8822-C624AB5A30F6}.Release|Any CPU.Build.0 = Release|Any CPU
		{9C708382-272D-433C-AF3B-CCBEC5D5D891}.Debug|Any CPU.ActiveCfg = Debug|Any CPU
		{9C708382-272D-433C-AF3B-CCBEC5D5D891}.Debug|Any CPU.Build.0 = Debug|Any CPU
		{9C708382-272D-433C-AF3B-CCBEC5D5D891}.Release|Any CPU.ActiveCfg = Release|Any CPU
		{9C708382-272D-433C-AF3B-CCBEC5D5D891}.Release|Any CPU.Build.0 = Release|Any CPU
		{747EE7DC-2EA6-4302-8554-27F72815CA7A}.Debug|Any CPU.ActiveCfg = Debug|Any CPU
		{747EE7DC-2EA6-4302-8554-27F72815CA7A}.Debug|Any CPU.Build.0 = Debug|Any CPU
		{747EE7DC-2EA6-4302-8554-27F72815CA7A}.Release|Any CPU.ActiveCfg = Release|Any CPU
		{747EE7DC-2EA6-4302-8554-27F72815CA7A}.Release|Any CPU.Build.0 = Release|Any CPU
	EndGlobalSection
	GlobalSection(SolutionProperties) = preSolution
		HideSolutionNode = FALSE
	EndGlobalSection
	GlobalSection(NestedProjects) = preSolution
		{B6F1EFB8-5E76-4684-8822-C624AB5A30F6} = {5FDB81D3-964B-44E9-A684-24BFEEF45823}
		{9C708382-272D-433C-AF3B-CCBEC5D5D891} = {4A6A3BF2-7878-46DA-95A9-41C4BA2FDCBE}
		{747EE7DC-2EA6-4302-8554-27F72815CA7A} = {5FDB81D3-964B-44E9-A684-24BFEEF45823}
	EndGlobalSection
	GlobalSection(ExtensibilityGlobals) = postSolution
		SolutionGuid = {A3E363B9-063B-41BB-B243-56540A66F695}
	EndGlobalSection
EndGlobal
